// !$*UTF8*$!
{
	archiveVersion = 1;
	classes = {
	};
	objectVersion = 50;
	objects = {

/* Begin PBXBuildFile section */
		84A684F721B0390B00B93810 /* MallCitySDK.framework in Frameworks */ = {isa = PBXBuildFile; fileRef = 84A684F621B0390B00B93810 /* MallCitySDK.framework */; };
		84A684F821B0390B00B93810 /* MallCitySDK.framework in Embed Frameworks */ = {isa = PBXBuildFile; fileRef = 84A684F621B0390B00B93810 /* MallCitySDK.framework */; settings = {ATTRIBUTES = (CodeSignOnCopy, RemoveHeadersOnCopy, ); }; };
		84F9EBA521AEA1DD0076DA93 /* AppDelegate.m in Sources */ = {isa = PBXBuildFile; fileRef = 84F9EBA421AEA1DD0076DA93 /* AppDelegate.m */; };
		84F9EBA821AEA1DD0076DA93 /* MasterViewController.m in Sources */ = {isa = PBXBuildFile; fileRef = 84F9EBA721AEA1DD0076DA93 /* MasterViewController.m */; };
		84F9EBAB21AEA1DD0076DA93 /* DetailViewController.m in Sources */ = {isa = PBXBuildFile; fileRef = 84F9EBAA21AEA1DD0076DA93 /* DetailViewController.m */; };
		84F9EBAE21AEA1DD0076DA93 /* Main.storyboard in Resources */ = {isa = PBXBuildFile; fileRef = 84F9EBAC21AEA1DD0076DA93 /* Main.storyboard */; };
		84F9EBB021AEA1DF0076DA93 /* Assets.xcassets in Resources */ = {isa = PBXBuildFile; fileRef = 84F9EBAF21AEA1DF0076DA93 /* Assets.xcassets */; };
		84F9EBB321AEA1DF0076DA93 /* LaunchScreen.storyboard in Resources */ = {isa = PBXBuildFile; fileRef = 84F9EBB121AEA1DF0076DA93 /* LaunchScreen.storyboard */; };
		84F9EBB621AEA1DF0076DA93 /* main.m in Sources */ = {isa = PBXBuildFile; fileRef = 84F9EBB521AEA1DF0076DA93 /* main.m */; };
		84F9EBC021AEA1DF0076DA93 /* MallAndCityAppTests.m in Sources */ = {isa = PBXBuildFile; fileRef = 84F9EBBF21AEA1DF0076DA93 /* MallAndCityAppTests.m */; };
		84F9EBCB21AEA1DF0076DA93 /* MallAndCityAppUITests.m in Sources */ = {isa = PBXBuildFile; fileRef = 84F9EBCA21AEA1DF0076DA93 /* MallAndCityAppUITests.m */; };
/* End PBXBuildFile section */

/* Begin PBXContainerItemProxy section */
		84F9EBBC21AEA1DF0076DA93 /* PBXContainerItemProxy */ = {
			isa = PBXContainerItemProxy;
			containerPortal = 84F9EB9821AEA1DD0076DA93 /* Project object */;
			proxyType = 1;
			remoteGlobalIDString = 84F9EB9F21AEA1DD0076DA93;
			remoteInfo = MallAndCityApp;
		};
		84F9EBC721AEA1DF0076DA93 /* PBXContainerItemProxy */ = {
			isa = PBXContainerItemProxy;
			containerPortal = 84F9EB9821AEA1DD0076DA93 /* Project object */;
			proxyType = 1;
			remoteGlobalIDString = 84F9EB9F21AEA1DD0076DA93;
			remoteInfo = MallAndCityApp;
		};
/* End PBXContainerItemProxy section */

/* Begin PBXCopyFilesBuildPhase section */
		84A684F921B0390B00B93810 /* Embed Frameworks */ = {
			isa = PBXCopyFilesBuildPhase;
			buildActionMask = 2147483647;
			dstPath = "";
			dstSubfolderSpec = 10;
			files = (
				84A684F821B0390B00B93810 /* MallCitySDK.framework in Embed Frameworks */,
			);
			name = "Embed Frameworks";
			runOnlyForDeploymentPostprocessing = 0;
		};
/* End PBXCopyFilesBuildPhase section */

/* Begin PBXFileReference section */
		84A684F621B0390B00B93810 /* MallCitySDK.framework */ = {isa = PBXFileReference; lastKnownFileType = wrapper.framework; path = MallCitySDK.framework; sourceTree = "<group>"; };
		84F9EBA021AEA1DD0076DA93 /* MallAndCityApp.app */ = {isa = PBXFileReference; explicitFileType = wrapper.application; includeInIndex = 0; path = MallAndCityApp.app; sourceTree = BUILT_PRODUCTS_DIR; };
		84F9EBA321AEA1DD0076DA93 /* AppDelegate.h */ = {isa = PBXFileReference; lastKnownFileType = sourcecode.c.h; path = AppDelegate.h; sourceTree = "<group>"; };
		84F9EBA421AEA1DD0076DA93 /* AppDelegate.m */ = {isa = PBXFileReference; lastKnownFileType = sourcecode.c.objc; path = AppDelegate.m; sourceTree = "<group>"; };
		84F9EBA621AEA1DD0076DA93 /* MasterViewController.h */ = {isa = PBXFileReference; lastKnownFileType = sourcecode.c.h; path = MasterViewController.h; sourceTree = "<group>"; };
		84F9EBA721AEA1DD0076DA93 /* MasterViewController.m */ = {isa = PBXFileReference; lastKnownFileType = sourcecode.c.objc; path = MasterViewController.m; sourceTree = "<group>"; };
		84F9EBA921AEA1DD0076DA93 /* DetailViewController.h */ = {isa = PBXFileReference; lastKnownFileType = sourcecode.c.h; path = DetailViewController.h; sourceTree = "<group>"; };
		84F9EBAA21AEA1DD0076DA93 /* DetailViewController.m */ = {isa = PBXFileReference; lastKnownFileType = sourcecode.c.objc; path = DetailViewController.m; sourceTree = "<group>"; };
		84F9EBAD21AEA1DD0076DA93 /* Base */ = {isa = PBXFileReference; lastKnownFileType = file.storyboard; name = Base; path = Base.lproj/Main.storyboard; sourceTree = "<group>"; };
		84F9EBAF21AEA1DF0076DA93 /* Assets.xcassets */ = {isa = PBXFileReference; lastKnownFileType = folder.assetcatalog; path = Assets.xcassets; sourceTree = "<group>"; };
		84F9EBB221AEA1DF0076DA93 /* Base */ = {isa = PBXFileReference; lastKnownFileType = file.storyboard; name = Base; path = Base.lproj/LaunchScreen.storyboard; sourceTree = "<group>"; };
		84F9EBB421AEA1DF0076DA93 /* Info.plist */ = {isa = PBXFileReference; lastKnownFileType = text.plist.xml; path = Info.plist; sourceTree = "<group>"; };
		84F9EBB521AEA1DF0076DA93 /* main.m */ = {isa = PBXFileReference; lastKnownFileType = sourcecode.c.objc; path = main.m; sourceTree = "<group>"; };
		84F9EBBB21AEA1DF0076DA93 /* MallAndCityAppTests.xctest */ = {isa = PBXFileReference; explicitFileType = wrapper.cfbundle; includeInIndex = 0; path = MallAndCityAppTests.xctest; sourceTree = BUILT_PRODUCTS_DIR; };
		84F9EBBF21AEA1DF0076DA93 /* MallAndCityAppTests.m */ = {isa = PBXFileReference; lastKnownFileType = sourcecode.c.objc; path = MallAndCityAppTests.m; sourceTree = "<group>"; };
		84F9EBC121AEA1DF0076DA93 /* Info.plist */ = {isa = PBXFileReference; lastKnownFileType = text.plist.xml; path = Info.plist; sourceTree = "<group>"; };
		84F9EBC621AEA1DF0076DA93 /* MallAndCityAppUITests.xctest */ = {isa = PBXFileReference; explicitFileType = wrapper.cfbundle; includeInIndex = 0; path = MallAndCityAppUITests.xctest; sourceTree = BUILT_PRODUCTS_DIR; };
		84F9EBCA21AEA1DF0076DA93 /* MallAndCityAppUITests.m */ = {isa = PBXFileReference; lastKnownFileType = sourcecode.c.objc; path = MallAndCityAppUITests.m; sourceTree = "<group>"; };
		84F9EBCC21AEA1DF0076DA93 /* Info.plist */ = {isa = PBXFileReference; lastKnownFileType = text.plist.xml; path = Info.plist; sourceTree = "<group>"; };
/* End PBXFileReference section */

/* Begin PBXFrameworksBuildPhase section */
		84F9EB9D21AEA1DD0076DA93 /* Frameworks */ = {
			isa = PBXFrameworksBuildPhase;
			buildActionMask = 2147483647;
			files = (
				84A684F721B0390B00B93810 /* MallCitySDK.framework in Frameworks */,
			);
			runOnlyForDeploymentPostprocessing = 0;
		};
		84F9EBB821AEA1DF0076DA93 /* Frameworks */ = {
			isa = PBXFrameworksBuildPhase;
			buildActionMask = 2147483647;
			files = (
			);
			runOnlyForDeploymentPostprocessing = 0;
		};
		84F9EBC321AEA1DF0076DA93 /* Frameworks */ = {
			isa = PBXFrameworksBuildPhase;
			buildActionMask = 2147483647;
			files = (
			);
			runOnlyForDeploymentPostprocessing = 0;
		};
/* End PBXFrameworksBuildPhase section */

/* Begin PBXGroup section */
		84F9EB9721AEA1DD0076DA93 = {
			isa = PBXGroup;
			children = (
				84F9EBA221AEA1DD0076DA93 /* MallAndCityApp */,
				84F9EBBE21AEA1DF0076DA93 /* MallAndCityAppTests */,
				84F9EBC921AEA1DF0076DA93 /* MallAndCityAppUITests */,
				84F9EBA121AEA1DD0076DA93 /* Products */,
			);
			sourceTree = "<group>";
		};
		84F9EBA121AEA1DD0076DA93 /* Products */ = {
			isa = PBXGroup;
			children = (
				84F9EBA021AEA1DD0076DA93 /* MallAndCityApp.app */,
				84F9EBBB21AEA1DF0076DA93 /* MallAndCityAppTests.xctest */,
				84F9EBC621AEA1DF0076DA93 /* MallAndCityAppUITests.xctest */,
			);
			name = Products;
			sourceTree = "<group>";
		};
		84F9EBA221AEA1DD0076DA93 /* MallAndCityApp */ = {
			isa = PBXGroup;
			children = (
				84F9EBD821AEA1F10076DA93 /* Framework */,
				84F9EBA321AEA1DD0076DA93 /* AppDelegate.h */,
				84F9EBA421AEA1DD0076DA93 /* AppDelegate.m */,
				84F9EBA621AEA1DD0076DA93 /* MasterViewController.h */,
				84F9EBA721AEA1DD0076DA93 /* MasterViewController.m */,
				84F9EBA921AEA1DD0076DA93 /* DetailViewController.h */,
				84F9EBAA21AEA1DD0076DA93 /* DetailViewController.m */,
				84F9EBAC21AEA1DD0076DA93 /* Main.storyboard */,
				84F9EBAF21AEA1DF0076DA93 /* Assets.xcassets */,
				84F9EBB121AEA1DF0076DA93 /* LaunchScreen.storyboard */,
				84F9EBB421AEA1DF0076DA93 /* Info.plist */,
				84F9EBB521AEA1DF0076DA93 /* main.m */,
			);
			path = MallAndCityApp;
			sourceTree = "<group>";
		};
		84F9EBBE21AEA1DF0076DA93 /* MallAndCityAppTests */ = {
			isa = PBXGroup;
			children = (
				84F9EBBF21AEA1DF0076DA93 /* MallAndCityAppTests.m */,
				84F9EBC121AEA1DF0076DA93 /* Info.plist */,
			);
			path = MallAndCityAppTests;
			sourceTree = "<group>";
		};
		84F9EBC921AEA1DF0076DA93 /* MallAndCityAppUITests */ = {
			isa = PBXGroup;
			children = (
				84F9EBCA21AEA1DF0076DA93 /* MallAndCityAppUITests.m */,
				84F9EBCC21AEA1DF0076DA93 /* Info.plist */,
			);
			path = MallAndCityAppUITests;
			sourceTree = "<group>";
		};
		84F9EBD821AEA1F10076DA93 /* Framework */ = {
			isa = PBXGroup;
			children = (
				84A684F621B0390B00B93810 /* MallCitySDK.framework */,
			);
			path = Framework;
			sourceTree = "<group>";
		};
/* End PBXGroup section */

/* Begin PBXNativeTarget section */
		84F9EB9F21AEA1DD0076DA93 /* MallAndCityApp */ = {
			isa = PBXNativeTarget;
			buildConfigurationList = 84F9EBCF21AEA1DF0076DA93 /* Build configuration list for PBXNativeTarget "MallAndCityApp" */;
			buildPhases = (
				84F9EB9C21AEA1DD0076DA93 /* Sources */,
				84F9EB9D21AEA1DD0076DA93 /* Frameworks */,
				84F9EB9E21AEA1DD0076DA93 /* Resources */,
				84A684F921B0390B00B93810 /* Embed Frameworks */,
			);
			buildRules = (
			);
			dependencies = (
			);
			name = MallAndCityApp;
			productName = MallAndCityApp;
			productReference = 84F9EBA021AEA1DD0076DA93 /* MallAndCityApp.app */;
			productType = "com.apple.product-type.application";
		};
		84F9EBBA21AEA1DF0076DA93 /* MallAndCityAppTests */ = {
			isa = PBXNativeTarget;
			buildConfigurationList = 84F9EBD221AEA1DF0076DA93 /* Build configuration list for PBXNativeTarget "MallAndCityAppTests" */;
			buildPhases = (
				84F9EBB721AEA1DF0076DA93 /* Sources */,
				84F9EBB821AEA1DF0076DA93 /* Frameworks */,
				84F9EBB921AEA1DF0076DA93 /* Resources */,
			);
			buildRules = (
			);
			dependencies = (
				84F9EBBD21AEA1DF0076DA93 /* PBXTargetDependency */,
			);
			name = MallAndCityAppTests;
			productName = MallAndCityAppTests;
			productReference = 84F9EBBB21AEA1DF0076DA93 /* MallAndCityAppTests.xctest */;
			productType = "com.apple.product-type.bundle.unit-test";
		};
		84F9EBC521AEA1DF0076DA93 /* MallAndCityAppUITests */ = {
			isa = PBXNativeTarget;
			buildConfigurationList = 84F9EBD521AEA1DF0076DA93 /* Build configuration list for PBXNativeTarget "MallAndCityAppUITests" */;
			buildPhases = (
				84F9EBC221AEA1DF0076DA93 /* Sources */,
				84F9EBC321AEA1DF0076DA93 /* Frameworks */,
				84F9EBC421AEA1DF0076DA93 /* Resources */,
			);
			buildRules = (
			);
			dependencies = (
				84F9EBC821AEA1DF0076DA93 /* PBXTargetDependency */,
			);
			name = MallAndCityAppUITests;
			productName = MallAndCityAppUITests;
			productReference = 84F9EBC621AEA1DF0076DA93 /* MallAndCityAppUITests.xctest */;
			productType = "com.apple.product-type.bundle.ui-testing";
		};
/* End PBXNativeTarget section */

/* Begin PBXProject section */
		84F9EB9821AEA1DD0076DA93 /* Project object */ = {
			isa = PBXProject;
			attributes = {
				LastUpgradeCheck = 1010;
				ORGANIZATIONNAME = "Johan Vorster";
				TargetAttributes = {
					84F9EB9F21AEA1DD0076DA93 = {
						CreatedOnToolsVersion = 10.1;
					};
					84F9EBBA21AEA1DF0076DA93 = {
						CreatedOnToolsVersion = 10.1;
						TestTargetID = 84F9EB9F21AEA1DD0076DA93;
					};
					84F9EBC521AEA1DF0076DA93 = {
						CreatedOnToolsVersion = 10.1;
						TestTargetID = 84F9EB9F21AEA1DD0076DA93;
					};
				};
			};
			buildConfigurationList = 84F9EB9B21AEA1DD0076DA93 /* Build configuration list for PBXProject "MallAndCityApp" */;
			compatibilityVersion = "Xcode 9.3";
			developmentRegion = en;
			hasScannedForEncodings = 0;
			knownRegions = (
				en,
				Base,
			);
			mainGroup = 84F9EB9721AEA1DD0076DA93;
			productRefGroup = 84F9EBA121AEA1DD0076DA93 /* Products */;
			projectDirPath = "";
			projectRoot = "";
			targets = (
				84F9EB9F21AEA1DD0076DA93 /* MallAndCityApp */,
				84F9EBBA21AEA1DF0076DA93 /* MallAndCityAppTests */,
				84F9EBC521AEA1DF0076DA93 /* MallAndCityAppUITests */,
			);
		};
/* End PBXProject section */

/* Begin PBXResourcesBuildPhase section */
		84F9EB9E21AEA1DD0076DA93 /* Resources */ = {
			isa = PBXResourcesBuildPhase;
			buildActionMask = 2147483647;
			files = (
				84F9EBB321AEA1DF0076DA93 /* LaunchScreen.storyboard in Resources */,
				84F9EBB021AEA1DF0076DA93 /* Assets.xcassets in Resources */,
				84F9EBAE21AEA1DD0076DA93 /* Main.storyboard in Resources */,
			);
			runOnlyForDeploymentPostprocessing = 0;
		};
		84F9EBB921AEA1DF0076DA93 /* Resources */ = {
			isa = PBXResourcesBuildPhase;
			buildActionMask = 2147483647;
			files = (
			);
			runOnlyForDeploymentPostprocessing = 0;
		};
		84F9EBC421AEA1DF0076DA93 /* Resources */ = {
			isa = PBXResourcesBuildPhase;
			buildActionMask = 2147483647;
			files = (
			);
			runOnlyForDeploymentPostprocessing = 0;
		};
/* End PBXResourcesBuildPhase section */

/* Begin PBXSourcesBuildPhase section */
		84F9EB9C21AEA1DD0076DA93 /* Sources */ = {
			isa = PBXSourcesBuildPhase;
			buildActionMask = 2147483647;
			files = (
				84F9EBA821AEA1DD0076DA93 /* MasterViewController.m in Sources */,
				84F9EBA521AEA1DD0076DA93 /* AppDelegate.m in Sources */,
				84F9EBB621AEA1DF0076DA93 /* main.m in Sources */,
				84F9EBAB21AEA1DD0076DA93 /* DetailViewController.m in Sources */,
			);
			runOnlyForDeploymentPostprocessing = 0;
		};
		84F9EBB721AEA1DF0076DA93 /* Sources */ = {
			isa = PBXSourcesBuildPhase;
			buildActionMask = 2147483647;
			files = (
				84F9EBC021AEA1DF0076DA93 /* MallAndCityAppTests.m in Sources */,
			);
			runOnlyForDeploymentPostprocessing = 0;
		};
		84F9EBC221AEA1DF0076DA93 /* Sources */ = {
			isa = PBXSourcesBuildPhase;
			buildActionMask = 2147483647;
			files = (
				84F9EBCB21AEA1DF0076DA93 /* MallAndCityAppUITests.m in Sources */,
			);
			runOnlyForDeploymentPostprocessing = 0;
		};
/* End PBXSourcesBuildPhase section */

/* Begin PBXTargetDependency section */
		84F9EBBD21AEA1DF0076DA93 /* PBXTargetDependency */ = {
			isa = PBXTargetDependency;
			target = 84F9EB9F21AEA1DD0076DA93 /* MallAndCityApp */;
			targetProxy = 84F9EBBC21AEA1DF0076DA93 /* PBXContainerItemProxy */;
		};
		84F9EBC821AEA1DF0076DA93 /* PBXTargetDependency */ = {
			isa = PBXTargetDependency;
			target = 84F9EB9F21AEA1DD0076DA93 /* MallAndCityApp */;
			targetProxy = 84F9EBC721AEA1DF0076DA93 /* PBXContainerItemProxy */;
		};
/* End PBXTargetDependency section */

/* Begin PBXVariantGroup section */
		84F9EBAC21AEA1DD0076DA93 /* Main.storyboard */ = {
			isa = PBXVariantGroup;
			children = (
				84F9EBAD21AEA1DD0076DA93 /* Base */,
			);
			name = Main.storyboard;
			sourceTree = "<group>";
		};
		84F9EBB121AEA1DF0076DA93 /* LaunchScreen.storyboard */ = {
			isa = PBXVariantGroup;
			children = (
				84F9EBB221AEA1DF0076DA93 /* Base */,
			);
			name = LaunchScreen.storyboard;
			sourceTree = "<group>";
		};
/* End PBXVariantGroup section */

/* Begin XCBuildConfiguration section */
		84F9EBCD21AEA1DF0076DA93 /* Debug */ = {
			isa = XCBuildConfiguration;
			buildSettings = {
				ALWAYS_SEARCH_USER_PATHS = NO;
				CLANG_ANALYZER_NONNULL = YES;
				CLANG_ANALYZER_NUMBER_OBJECT_CONVERSION = YES_AGGRESSIVE;
				CLANG_CXX_LANGUAGE_STANDARD = "gnu++14";
				CLANG_CXX_LIBRARY = "libc++";
				CLANG_ENABLE_MODULES = YES;
				CLANG_ENABLE_OBJC_ARC = YES;
				CLANG_ENABLE_OBJC_WEAK = YES;
				CLANG_WARN_BLOCK_CAPTURE_AUTORELEASING = YES;
				CLANG_WARN_BOOL_CONVERSION = YES;
				CLANG_WARN_COMMA = YES;
				CLANG_WARN_CONSTANT_CONVERSION = YES;
				CLANG_WARN_DEPRECATED_OBJC_IMPLEMENTATIONS = YES;
				CLANG_WARN_DIRECT_OBJC_ISA_USAGE = YES_ERROR;
				CLANG_WARN_DOCUMENTATION_COMMENTS = YES;
				CLANG_WARN_EMPTY_BODY = YES;
				CLANG_WARN_ENUM_CONVERSION = YES;
				CLANG_WARN_INFINITE_RECURSION = YES;
				CLANG_WARN_INT_CONVERSION = YES;
				CLANG_WARN_NON_LITERAL_NULL_CONVERSION = YES;
				CLANG_WARN_OBJC_IMPLICIT_RETAIN_SELF = YES;
				CLANG_WARN_OBJC_LITERAL_CONVERSION = YES;
				CLANG_WARN_OBJC_ROOT_CLASS = YES_ERROR;
				CLANG_WARN_RANGE_LOOP_ANALYSIS = YES;
				CLANG_WARN_STRICT_PROTOTYPES = YES;
				CLANG_WARN_SUSPICIOUS_MOVE = YES;
				CLANG_WARN_UNGUARDED_AVAILABILITY = YES_AGGRESSIVE;
				CLANG_WARN_UNREACHABLE_CODE = YES;
				CLANG_WARN__DUPLICATE_METHOD_MATCH = YES;
				CODE_SIGN_IDENTITY = "iPhone Developer";
				COPY_PHASE_STRIP = NO;
				DEBUG_INFORMATION_FORMAT = dwarf;
				ENABLE_STRICT_OBJC_MSGSEND = YES;
				ENABLE_TESTABILITY = YES;
				GCC_C_LANGUAGE_STANDARD = gnu11;
				GCC_DYNAMIC_NO_PIC = NO;
				GCC_NO_COMMON_BLOCKS = YES;
				GCC_OPTIMIZATION_LEVEL = 0;
				GCC_PREPROCESSOR_DEFINITIONS = (
					"DEBUG=1",
					"$(inherited)",
				);
				GCC_WARN_64_TO_32_BIT_CONVERSION = YES;
				GCC_WARN_ABOUT_RETURN_TYPE = YES_ERROR;
				GCC_WARN_UNDECLARED_SELECTOR = YES;
				GCC_WARN_UNINITIALIZED_AUTOS = YES_AGGRESSIVE;
				GCC_WARN_UNUSED_FUNCTION = YES;
				GCC_WARN_UNUSED_VARIABLE = YES;
				IPHONEOS_DEPLOYMENT_TARGET = 12.1;
				MTL_ENABLE_DEBUG_INFO = INCLUDE_SOURCE;
				MTL_FAST_MATH = YES;
				ONLY_ACTIVE_ARCH = YES;
				SDKROOT = iphoneos;
			};
			name = Debug;
		};
		84F9EBCE21AEA1DF0076DA93 /* Release */ = {
			isa = XCBuildConfiguration;
			buildSettings = {
				ALWAYS_SEARCH_USER_PATHS = NO;
				CLANG_ANALYZER_NONNULL = YES;
				CLANG_ANALYZER_NUMBER_OBJECT_CONVERSION = YES_AGGRESSIVE;
				CLANG_CXX_LANGUAGE_STANDARD = "gnu++14";
				CLANG_CXX_LIBRARY = "libc++";
				CLANG_ENABLE_MODULES = YES;
				CLANG_ENABLE_OBJC_ARC = YES;
				CLANG_ENABLE_OBJC_WEAK = YES;
				CLANG_WARN_BLOCK_CAPTURE_AUTORELEASING = YES;
				CLANG_WARN_BOOL_CONVERSION = YES;
				CLANG_WARN_COMMA = YES;
				CLANG_WARN_CONSTANT_CONVERSION = YES;
				CLANG_WARN_DEPRECATED_OBJC_IMPLEMENTATIONS = YES;
				CLANG_WARN_DIRECT_OBJC_ISA_USAGE = YES_ERROR;
				CLANG_WARN_DOCUMENTATION_COMMENTS = YES;
				CLANG_WARN_EMPTY_BODY = YES;
				CLANG_WARN_ENUM_CONVERSION = YES;
				CLANG_WARN_INFINITE_RECURSION = YES;
				CLANG_WARN_INT_CONVERSION = YES;
				CLANG_WARN_NON_LITERAL_NULL_CONVERSION = YES;
				CLANG_WARN_OBJC_IMPLICIT_RETAIN_SELF = YES;
				CLANG_WARN_OBJC_LITERAL_CONVERSION = YES;
				CLANG_WARN_OBJC_ROOT_CLASS = YES_ERROR;
				CLANG_WARN_RANGE_LOOP_ANALYSIS = YES;
				CLANG_WARN_STRICT_PROTOTYPES = YES;
				CLANG_WARN_SUSPICIOUS_MOVE = YES;
				CLANG_WARN_UNGUARDED_AVAILABILITY = YES_AGGRESSIVE;
				CLANG_WARN_UNREACHABLE_CODE = YES;
				CLANG_WARN__DUPLICATE_METHOD_MATCH = YES;
				CODE_SIGN_IDENTITY = "iPhone Developer";
				COPY_PHASE_STRIP = NO;
				DEBUG_INFORMATION_FORMAT = "dwarf-with-dsym";
				ENABLE_NS_ASSERTIONS = NO;
				ENABLE_STRICT_OBJC_MSGSEND = YES;
				GCC_C_LANGUAGE_STANDARD = gnu11;
				GCC_NO_COMMON_BLOCKS = YES;
				GCC_WARN_64_TO_32_BIT_CONVERSION = YES;
				GCC_WARN_ABOUT_RETURN_TYPE = YES_ERROR;
				GCC_WARN_UNDECLARED_SELECTOR = YES;
				GCC_WARN_UNINITIALIZED_AUTOS = YES_AGGRESSIVE;
				GCC_WARN_UNUSED_FUNCTION = YES;
				GCC_WARN_UNUSED_VARIABLE = YES;
				IPHONEOS_DEPLOYMENT_TARGET = 12.1;
				MTL_ENABLE_DEBUG_INFO = NO;
				MTL_FAST_MATH = YES;
				SDKROOT = iphoneos;
				VALIDATE_PRODUCT = YES;
			};
			name = Release;
		};
		84F9EBD021AEA1DF0076DA93 /* Debug */ = {
			isa = XCBuildConfiguration;
			buildSettings = {
				ASSETCATALOG_COMPILER_APPICON_NAME = AppIcon;
				CODE_SIGN_STYLE = Automatic;
				DEVELOPMENT_TEAM = LRX2D499TT;
				FRAMEWORK_SEARCH_PATHS = (
					"$(inherited)",
					"$(PROJECT_DIR)",
				);
				"FRAMEWORK_SEARCH_PATHS[arch=*]" = "$(PROJECT_DIR)/MallAndCityApp/Framework";
				INFOPLIST_FILE = MallAndCityApp/Info.plist;
				LD_RUNPATH_SEARCH_PATHS = (
					"$(inherited)",
					"@executable_path/Frameworks",
				);
				PRODUCT_BUNDLE_IDENTIFIER = com.johanvorster.MallAndCityApp;
				PRODUCT_NAME = "$(TARGET_NAME)";
				TARGETED_DEVICE_FAMILY = "1,2";
			};
			name = Debug;
		};
		84F9EBD121AEA1DF0076DA93 /* Release */ = {
			isa = XCBuildConfiguration;
			buildSettings = {
				ASSETCATALOG_COMPILER_APPICON_NAME = AppIcon;
				CODE_SIGN_STYLE = Automatic;
				DEVELOPMENT_TEAM = LRX2D499TT;
				FRAMEWORK_SEARCH_PATHS = (
					"$(inherited)",
					"$(PROJECT_DIR)",
				);
				"FRAMEWORK_SEARCH_PATHS[arch=*]" = "$(PROJECT_DIR)/MallAndCityApp/Framework";
				INFOPLIST_FILE = MallAndCityApp/Info.plist;
				LD_RUNPATH_SEARCH_PATHS = (
					"$(inherited)",
					"@executable_path/Frameworks",
				);
				PRODUCT_BUNDLE_IDENTIFIER = com.johanvorster.MallAndCityApp;
				PRODUCT_NAME = "$(TARGET_NAME)";
				TARGETED_DEVICE_FAMILY = "1,2";
			};
			name = Release;
		};
		84F9EBD321AEA1DF0076DA93 /* Debug */ = {
			isa = XCBuildConfiguration;
			buildSettings = {
				BUNDLE_LOADER = "$(TEST_HOST)";
				CODE_SIGN_STYLE = Automatic;
				DEVELOPMENT_TEAM = LRX2D499TT;
				INFOPLIST_FILE = MallAndCityAppTests/Info.plist;
				LD_RUNPATH_SEARCH_PATHS = (
					"$(inherited)",
					"@executable_path/Frameworks",
					"@loader_path/Frameworks",
				);
				PRODUCT_BUNDLE_IDENTIFIER = com.johanvorster.MallAndCityAppTests;
				PRODUCT_NAME = "$(TARGET_NAME)";
				TARGETED_DEVICE_FAMILY = "1,2";
				TEST_HOST = "$(BUILT_PRODUCTS_DIR)/MallAndCityApp.app/MallAndCityApp";
			};
			name = Debug;
		};
		84F9EBD421AEA1DF0076DA93 /* Release */ = {
			isa = XCBuildConfiguration;
			buildSettings = {
				BUNDLE_LOADER = "$(TEST_HOST)";
				CODE_SIGN_STYLE = Automatic;
				DEVELOPMENT_TEAM = LRX2D499TT;
				INFOPLIST_FILE = MallAndCityAppTests/Info.plist;
				LD_RUNPATH_SEARCH_PATHS = (
					"$(inherited)",
					"@executable_path/Frameworks",
					"@loader_path/Frameworks",
				);
				PRODUCT_BUNDLE_IDENTIFIER = com.johanvorster.MallAndCityAppTests;
				PRODUCT_NAME = "$(TARGET_NAME)";
				TARGETED_DEVICE_FAMILY = "1,2";
				TEST_HOST = "$(BUILT_PRODUCTS_DIR)/MallAndCityApp.app/MallAndCityApp";
			};
			name = Release;
		};
		84F9EBD621AEA1DF0076DA93 /* Debug */ = {
			isa = XCBuildConfiguration;
			buildSettings = {
				CODE_SIGN_STYLE = Automatic;
				DEVELOPMENT_TEAM = LRX2D499TT;
				INFOPLIST_FILE = MallAndCityAppUITests/Info.plist;
				LD_RUNPATH_SEARCH_PATHS = (
					"$(inherited)",
					"@executable_path/Frameworks",
					"@loader_path/Frameworks",
				);
				PRODUCT_BUNDLE_IDENTIFIER = com.johanvorster.MallAndCityAppUITests;
				PRODUCT_NAME = "$(TARGET_NAME)";
				TARGETED_DEVICE_FAMILY = "1,2";
				TEST_TARGET_NAME = MallAndCityApp;
			};
			name = Debug;
		};
		84F9EBD721AEA1DF0076DA93 /* Release */ = {
			isa = XCBuildConfiguration;
			buildSettings = {
				CODE_SIGN_STYLE = Automatic;
				DEVELOPMENT_TEAM = LRX2D499TT;
				INFOPLIST_FILE = MallAndCityAppUITests/Info.plist;
				LD_RUNPATH_SEARCH_PATHS = (
					"$(inherited)",
					"@executable_path/Frameworks",
					"@loader_path/Frameworks",
				);
				PRODUCT_BUNDLE_IDENTIFIER = com.johanvorster.MallAndCityAppUITests;
				PRODUCT_NAME = "$(TARGET_NAME)";
				TARGETED_DEVICE_FAMILY = "1,2";
				TEST_TARGET_NAME = MallAndCityApp;
			};
			name = Release;
		};
/* End XCBuildConfiguration section */

/* Begin XCConfigurationList section */
		84F9EB9B21AEA1DD0076DA93 /* Build configuration list for PBXProject "MallAndCityApp" */ = {
			isa = XCConfigurationList;
			buildConfigurations = (
				84F9EBCD21AEA1DF0076DA93 /* Debug */,
				84F9EBCE21AEA1DF0076DA93 /* Release */,
			);
			defaultConfigurationIsVisible = 0;
			defaultConfigurationName = Release;
		};
		84F9EBCF21AEA1DF0076DA93 /* Build configuration list for PBXNativeTarget "MallAndCityApp" */ = {
			isa = XCConfigurationList;
			buildConfigurations = (
				84F9EBD021AEA1DF0076DA93 /* Debug */,
				84F9EBD121AEA1DF0076DA93 /* Release */,
			);
			defaultConfigurationIsVisible = 0;
			defaultConfigurationName = Release;
		};
		84F9EBD221AEA1DF0076DA93 /* Build configuration list for PBXNativeTarget "MallAndCityAppTests" */ = {
			isa = XCConfigurationList;
			buildConfigurations = (
				84F9EBD321AEA1DF0076DA93 /* Debug */,
				84F9EBD421AEA1DF0076DA93 /* Release */,
			);
			defaultConfigurationIsVisible = 0;
			defaultConfigurationName = Release;
		};
		84F9EBD521AEA1DF0076DA93 /* Build configuration list for PBXNativeTarget "MallAndCityAppUITests" */ = {
			isa = XCConfigurationList;
			buildConfigurations = (
				84F9EBD621AEA1DF0076DA93 /* Debug */,
				84F9EBD721AEA1DF0076DA93 /* Release */,
			);
			defaultConfigurationIsVisible = 0;
			defaultConfigurationName = Release;
		};
/* End XCConfigurationList section */
	};
	rootObject = 84F9EB9821AEA1DD0076DA93 /* Project object */;
}
